
Microsoft Visual Studio Solution File, Format Version 12.00
# Visual Studio 2012
Project("{FAE04EC0-301F-11D3-BF4B-00C04F79EFBC}") = "document_merger", "document_merger\document_merger.csproj", "{23AEAB83-4802-4E28-8B20-1732C63CD1B7}"
EndProject
Global
	GlobalSection(SolutionConfigurationPlatforms) = preSolution
		Debug|Any CPU = Debug|Any CPU
		Release|Any CPU = Release|Any CPU
	EndGlobalSection
	GlobalSection(ProjectConfigurationPlatforms) = postSolution
		{23AEAB83-4802-4E28-8B20-1732C63CD1B7}.Debug|Any CPU.ActiveCfg = Debug|Any CPU
		{23AEAB83-4802-4E28-8B20-1732C63CD1B7}.Debug|Any CPU.Build.0 = Debug|Any CPU
		{23AEAB83-4802-4E28-8B20-1732C63CD1B7}.Release|Any CPU.ActiveCfg = Release|Any CPU
		{23AEAB83-4802-4E28-8B20-1732C63CD1B7}.Release|Any CPU.Build.0 = Release|Any CPU
	EndGlobalSection
EndGlobal
